
Microsoft Visual Studio Solution File, Format Version 12.00
# Visual Studio 15
Project("{FAE04EC0-301F-11D3-BF4B-00C04F79EFBC}") = "Assembly-CSharp", "Assembly-CSharp.csproj", "{65980053-F093-38FF-83E0-7FA259A27890}"
EndProject
Project("{FAE04EC0-301F-11D3-BF4B-00C04F79EFBC}") = "Assembly-CSharp-Editor", "Assembly-CSharp-Editor.csproj", "{F14932E3-9472-F1D4-0F96-0D9D0FC23905}"
EndProject
Global
	GlobalSection(SolutionConfigurationPlatforms) = preSolution
		Debug|Any CPU = Debug|Any CPU
		Release|Any CPU = Release|Any CPU
	EndGlobalSection
	GlobalSection(ProjectConfigurationPlatforms) = postSolution
		{65980053-F093-38FF-83E0-7FA259A27890}.Debug|Any CPU.ActiveCfg = Debug|Any CPU
		{65980053-F093-38FF-83E0-7FA259A27890}.Debug|Any CPU.Build.0 = Debug|Any CPU
		{65980053-F093-38FF-83E0-7FA259A27890}.Release|Any CPU.ActiveCfg = Release|Any CPU
		{65980053-F093-38FF-83E0-7FA259A27890}.Release|Any CPU.Build.0 = Release|Any CPU
		{F14932E3-9472-F1D4-0F96-0D9D0FC23905}.Debug|Any CPU.ActiveCfg = Debug|Any CPU
		{F14932E3-9472-F1D4-0F96-0D9D0FC23905}.Debug|Any CPU.Build.0 = Debug|Any CPU
		{F14932E3-9472-F1D4-0F96-0D9D0FC23905}.Release|Any CPU.ActiveCfg = Release|Any CPU
		{F14932E3-9472-F1D4-0F96-0D9D0FC23905}.Release|Any CPU.Build.0 = Release|Any CPU
	EndGlobalSection
	GlobalSection(SolutionProperties) = preSolution
		HideSolutionNode = FALSE
	EndGlobalSection
EndGlobal
